
Microsoft Visual Studio Solution File, Format Version 12.00
# Visual Studio Version 16
VisualStudioVersion = 16.0.29324.140
MinimumVisualStudioVersion = 10.0.40219.1
Project("{FAE04EC0-301F-11D3-BF4B-00C04F79EFBC}") = "HelloWorld", "HelloWorld.csproj", "{7CF90CBD-2D79-4E71-AD55-1E8679231A1B}"
EndProject
Global
	GlobalSection(SolutionConfigurationPlatforms) = preSolution
		Debug|Any CPU = Debug|Any CPU
		Release|Any CPU = Release|Any CPU
	EndGlobalSection
	GlobalSection(ProjectConfigurationPlatforms) = postSolution
		{7CF90CBD-2D79-4E71-AD55-1E8679231A1B}.Debug|Any CPU.ActiveCfg = Debug|Any CPU
		{7CF90CBD-2D79-4E71-AD55-1E8679231A1B}.Debug|Any CPU.Build.0 = Debug|Any CPU
		{7CF90CBD-2D79-4E71-AD55-1E8679231A1B}.Release|Any CPU.ActiveCfg = Release|Any CPU
		{7CF90CBD-2D79-4E71-AD55-1E8679231A1B}.Release|Any CPU.Build.0 = Release|Any CPU
	EndGlobalSection
	GlobalSection(SolutionProperties) = preSolution
		HideSolutionNode = FALSE
	EndGlobalSection
	GlobalSection(ExtensibilityGlobals) = postSolution
		SolutionGuid = {A0D85329-65F9-48B8-B28E-9CC75B200A44}
	EndGlobalSection
EndGlobal
