
Microsoft Visual Studio Solution File, Format Version 12.00
# Visual Studio Version 16
VisualStudioVersion = 16.0.29324.140
MinimumVisualStudioVersion = 10.0.40219.1
Project("{FAE04EC0-301F-11D3-BF4B-00C04F79EFBC}") = "HelloWorld", "HelloWorld\HelloWorld.csproj", "{0718726A-0431-46F7-8C53-25A03F449F82}"
EndProject
Project("{FAE04EC0-301F-11D3-BF4B-00C04F79EFBC}") = "Liste", "Liste\Liste.csproj", "{5AA2EE23-D06A-437F-BE21-7AE6ACE94279}"
EndProject
Project("{FAE04EC0-301F-11D3-BF4B-00C04F79EFBC}") = "Classe", "Classe\Classe.csproj", "{D57FF805-9A6C-474D-9977-627C150888E5}"
EndProject
Project("{FAE04EC0-301F-11D3-BF4B-00C04F79EFBC}") = "Datas", "Datas\Datas.csproj", "{412B07CA-25C7-45D7-95C5-1C87F1C3C748}"
EndProject
Project("{FAE04EC0-301F-11D3-BF4B-00C04F79EFBC}") = "Delegate", "Delegate\Delegate.csproj", "{986EE875-00E2-4BFE-9081-1E05616761DA}"
EndProject
Project("{FAE04EC0-301F-11D3-BF4B-00C04F79EFBC}") = "Dialogue", "Dialogue\Dialogue.csproj", "{11AC54AC-217F-440D-8F30-D57DB6EDBC30}"
EndProject
Project("{FAE04EC0-301F-11D3-BF4B-00C04F79EFBC}") = "Tableau", "Tableau\Tableau.csproj", "{12EE44D8-4953-4DBC-84F9-81BCC954BC7E}"
EndProject
Global
	GlobalSection(SolutionConfigurationPlatforms) = preSolution
		Debug|Any CPU = Debug|Any CPU
		Release|Any CPU = Release|Any CPU
	EndGlobalSection
	GlobalSection(ProjectConfigurationPlatforms) = postSolution
		{0718726A-0431-46F7-8C53-25A03F449F82}.Debug|Any CPU.ActiveCfg = Debug|Any CPU
		{0718726A-0431-46F7-8C53-25A03F449F82}.Debug|Any CPU.Build.0 = Debug|Any CPU
		{0718726A-0431-46F7-8C53-25A03F449F82}.Release|Any CPU.ActiveCfg = Release|Any CPU
		{0718726A-0431-46F7-8C53-25A03F449F82}.Release|Any CPU.Build.0 = Release|Any CPU
		{5AA2EE23-D06A-437F-BE21-7AE6ACE94279}.Debug|Any CPU.ActiveCfg = Debug|Any CPU
		{5AA2EE23-D06A-437F-BE21-7AE6ACE94279}.Debug|Any CPU.Build.0 = Debug|Any CPU
		{5AA2EE23-D06A-437F-BE21-7AE6ACE94279}.Release|Any CPU.ActiveCfg = Release|Any CPU
		{5AA2EE23-D06A-437F-BE21-7AE6ACE94279}.Release|Any CPU.Build.0 = Release|Any CPU
		{D57FF805-9A6C-474D-9977-627C150888E5}.Debug|Any CPU.ActiveCfg = Debug|Any CPU
		{D57FF805-9A6C-474D-9977-627C150888E5}.Debug|Any CPU.Build.0 = Debug|Any CPU
		{D57FF805-9A6C-474D-9977-627C150888E5}.Release|Any CPU.ActiveCfg = Release|Any CPU
		{D57FF805-9A6C-474D-9977-627C150888E5}.Release|Any CPU.Build.0 = Release|Any CPU
		{412B07CA-25C7-45D7-95C5-1C87F1C3C748}.Debug|Any CPU.ActiveCfg = Debug|Any CPU
		{412B07CA-25C7-45D7-95C5-1C87F1C3C748}.Debug|Any CPU.Build.0 = Debug|Any CPU
		{412B07CA-25C7-45D7-95C5-1C87F1C3C748}.Release|Any CPU.ActiveCfg = Release|Any CPU
		{412B07CA-25C7-45D7-95C5-1C87F1C3C748}.Release|Any CPU.Build.0 = Release|Any CPU
		{986EE875-00E2-4BFE-9081-1E05616761DA}.Debug|Any CPU.ActiveCfg = Debug|Any CPU
		{986EE875-00E2-4BFE-9081-1E05616761DA}.Debug|Any CPU.Build.0 = Debug|Any CPU
		{986EE875-00E2-4BFE-9081-1E05616761DA}.Release|Any CPU.ActiveCfg = Release|Any CPU
		{986EE875-00E2-4BFE-9081-1E05616761DA}.Release|Any CPU.Build.0 = Release|Any CPU
		{11AC54AC-217F-440D-8F30-D57DB6EDBC30}.Debug|Any CPU.ActiveCfg = Debug|Any CPU
		{11AC54AC-217F-440D-8F30-D57DB6EDBC30}.Debug|Any CPU.Build.0 = Debug|Any CPU
		{11AC54AC-217F-440D-8F30-D57DB6EDBC30}.Release|Any CPU.ActiveCfg = Release|Any CPU
		{11AC54AC-217F-440D-8F30-D57DB6EDBC30}.Release|Any CPU.Build.0 = Release|Any CPU
		{12EE44D8-4953-4DBC-84F9-81BCC954BC7E}.Debug|Any CPU.ActiveCfg = Debug|Any CPU
		{12EE44D8-4953-4DBC-84F9-81BCC954BC7E}.Debug|Any CPU.Build.0 = Debug|Any CPU
		{12EE44D8-4953-4DBC-84F9-81BCC954BC7E}.Release|Any CPU.ActiveCfg = Release|Any CPU
		{12EE44D8-4953-4DBC-84F9-81BCC954BC7E}.Release|Any CPU.Build.0 = Release|Any CPU
	EndGlobalSection
	GlobalSection(SolutionProperties) = preSolution
		HideSolutionNode = FALSE
	EndGlobalSection
	GlobalSection(ExtensibilityGlobals) = postSolution
		SolutionGuid = {A0D85329-65F9-48B8-B28E-9CC75B200A44}
	EndGlobalSection
EndGlobal
